
Microsoft Visual Studio Solution File, Format Version 12.00
# Visual Studio Version 17
VisualStudioVersion = 17.10.34916.146
MinimumVisualStudioVersion = 10.0.40219.1
Project("{FAE04EC0-301F-11D3-BF4B-00C04F79EFBC}") = "RandomMMORPG", "GAME\src\RandomMMORPG.csproj", "{97D4D680-D882-4290-AC49-FEF437C34949}"
EndProject
Global
	GlobalSection(SolutionConfigurationPlatforms) = preSolution
		Debug|Any CPU = Debug|Any CPU
		Release|Any CPU = Release|Any CPU
	EndGlobalSection
	GlobalSection(ProjectConfigurationPlatforms) = postSolution
		{97D4D680-D882-4290-AC49-FEF437C34949}.Debug|Any CPU.ActiveCfg = Debug|Any CPU
		{97D4D680-D882-4290-AC49-FEF437C34949}.Debug|Any CPU.Build.0 = Debug|Any CPU
		{97D4D680-D882-4290-AC49-FEF437C34949}.Release|Any CPU.ActiveCfg = Release|Any CPU
		{97D4D680-D882-4290-AC49-FEF437C34949}.Release|Any CPU.Build.0 = Release|Any CPU
	EndGlobalSection
	GlobalSection(SolutionProperties) = preSolution
		HideSolutionNode = FALSE
	EndGlobalSection
	GlobalSection(ExtensibilityGlobals) = postSolution
		SolutionGuid = {6C0629CF-7B40-4002-A497-E15A4D31C646}
	EndGlobalSection
EndGlobal
